{
  "name": "@happytoolin/hni",
  "version": "0.0.1-alpha-2",
  "lockfileVersion": 3,
  "requires": true,
  "packages": {
    "": {
      "name": "@happytoolin/hni",
      "version": "0.0.1-alpha-2",
      "license": "GPL-3.0-only",
      "bin": {
        "hni": "bin/hni.js",
        "na": "bin/na.js",
        "nci": "bin/nci.js",
        "ni": "bin/ni.js",
        "nlx": "bin/nlx.js",
        "np": "bin/np.js",
        "nr": "bin/nr.js",
        "ns": "bin/ns.js",
        "nu": "bin/nu.js",
        "nun": "bin/nun.js"
      },
      "engines": {
        "node": ">=18"
      },
      "optionalDependencies": {
        "@happytoolin/hni-darwin-arm64": "0.0.1-alpha-2",
        "@happytoolin/hni-darwin-x64": "0.0.1-alpha-2",
        "@happytoolin/hni-linux-arm64-musl": "0.0.1-alpha-2",
        "@happytoolin/hni-linux-x64-musl": "0.0.1-alpha-2",
        "@happytoolin/hni-win32-arm64-msvc": "0.0.1-alpha-2",
        "@happytoolin/hni-win32-x64-msvc": "0.0.1-alpha-2"
      }
    },
    "node_modules/@happytoolin/hni-darwin-arm64": {
      "optional": true
    },
    "node_modules/@happytoolin/hni-darwin-x64": {
      "optional": true
    },
    "node_modules/@happytoolin/hni-linux-arm64-musl": {
      "optional": true
    },
    "node_modules/@happytoolin/hni-linux-x64-musl": {
      "optional": true
    },
    "node_modules/@happytoolin/hni-win32-arm64-msvc": {
      "optional": true
    },
    "node_modules/@happytoolin/hni-win32-x64-msvc": {
      "optional": true
    }
  }
}
